
Microsoft Visual Studio Solution File, Format Version 12.00
# Visual Studio Version 17
VisualStudioVersion = 17.4.33213.308
MinimumVisualStudioVersion = 10.0.40219.1
Project("{FAE04EC0-301F-11D3-BF4B-00C04F79EFBC}") = "Vending Machine", "Vending Machine\Vending Machine.csproj", "{B85DAD4A-F363-494C-BB2D-0A1799C8EA90}"
EndProject
Global
	GlobalSection(SolutionConfigurationPlatforms) = preSolution
		Debug|Any CPU = Debug|Any CPU
		Release|Any CPU = Release|Any CPU
	EndGlobalSection
	GlobalSection(ProjectConfigurationPlatforms) = postSolution
		{B85DAD4A-F363-494C-BB2D-0A1799C8EA90}.Debug|Any CPU.ActiveCfg = Debug|Any CPU
		{B85DAD4A-F363-494C-BB2D-0A1799C8EA90}.Debug|Any CPU.Build.0 = Debug|Any CPU
		{B85DAD4A-F363-494C-BB2D-0A1799C8EA90}.Release|Any CPU.ActiveCfg = Release|Any CPU
		{B85DAD4A-F363-494C-BB2D-0A1799C8EA90}.Release|Any CPU.Build.0 = Release|Any CPU
	EndGlobalSection
	GlobalSection(SolutionProperties) = preSolution
		HideSolutionNode = FALSE
	EndGlobalSection
	GlobalSection(ExtensibilityGlobals) = postSolution
		SolutionGuid = {1F07DE82-4DF7-46AB-BF1D-AF6549E7EA86}
	EndGlobalSection
EndGlobal
